# THIS IS AN AUTOGENERATED FILE. DO NOT EDIT THIS FILE DIRECTLY.
# yarn lockfile v1


director@^1.2.8:
  version "1.2.8"
  resolved "https://registry.yarnpkg.com/director/-/director-1.2.8.tgz#c6d9b4dd890e9aff5365183fe9cc8e73994cf2d5"

vue@^2.1.10:
  version "2.1.10"
  resolved "https://registry.yarnpkg.com/vue/-/vue-2.1.10.tgz#c9235ca48c7925137be5807832ac4e3ac180427b"
